PODS:
  - Granary (0.1.0)
  - Nimble (9.2.1)
  - Quick (4.0.0)

DEPENDENCIES:
  - Granary (from `../`)
  - Nimble (~> 9.2.1)
  - Quick (~> 4.0.0)

SPEC REPOS:
  trunk:
    - Nimble
    - Quick

EXTERNAL SOURCES:
  Granary:
    :path: "../"

SPEC CHECKSUMS:
  Granary: 2a9cb6c269233cf47927df424ad859911b703f32
  Nimble: e7e615c0335ee4bf5b0d786685451e62746117d5
  Quick: 6473349e43b9271a8d43839d9ba1c442ed1b7ac4

PODFILE CHECKSUM: cef52f18e52e8e2c109f906d852271d1e6ea4e75

COCOAPODS: 1.11.2
